
Microsoft Visual Studio Solution File, Format Version 12.00
# Visual Studio 15
VisualStudioVersion = 15.0.28307.489
MinimumVisualStudioVersion = 10.0.40219.1
Project("{FAE04EC0-301F-11D3-BF4B-00C04F79EFBC}") = "Task2", "Task2\Task2.csproj", "{0ACA6F84-DA0B-4B82-A7F1-3829F0B50261}"
EndProject
Global
	GlobalSection(SolutionConfigurationPlatforms) = preSolution
		Debug|Any CPU = Debug|Any CPU
		Release|Any CPU = Release|Any CPU
	EndGlobalSection
	GlobalSection(ProjectConfigurationPlatforms) = postSolution
		{0ACA6F84-DA0B-4B82-A7F1-3829F0B50261}.Debug|Any CPU.ActiveCfg = Debug|Any CPU
		{0ACA6F84-DA0B-4B82-A7F1-3829F0B50261}.Debug|Any CPU.Build.0 = Debug|Any CPU
		{0ACA6F84-DA0B-4B82-A7F1-3829F0B50261}.Release|Any CPU.ActiveCfg = Release|Any CPU
		{0ACA6F84-DA0B-4B82-A7F1-3829F0B50261}.Release|Any CPU.Build.0 = Release|Any CPU
	EndGlobalSection
	GlobalSection(SolutionProperties) = preSolution
		HideSolutionNode = FALSE
	EndGlobalSection
	GlobalSection(ExtensibilityGlobals) = postSolution
		SolutionGuid = {5197E1D4-CDAE-4510-BC09-6B6D8EC7B70C}
	EndGlobalSection
EndGlobal
