
Microsoft Visual Studio Solution File, Format Version 12.00
# Visual Studio Version 16
VisualStudioVersion = 16.0.29709.97
MinimumVisualStudioVersion = 10.0.40219.1
Project("{FAE04EC0-301F-11D3-BF4B-00C04F79EFBC}") = "RegexTask1", "RegexTask1\RegexTask1.csproj", "{34B2594D-7171-46D2-AD39-2328D64E825D}"
EndProject
Global
	GlobalSection(SolutionConfigurationPlatforms) = preSolution
		Debug|Any CPU = Debug|Any CPU
		Release|Any CPU = Release|Any CPU
	EndGlobalSection
	GlobalSection(ProjectConfigurationPlatforms) = postSolution
		{34B2594D-7171-46D2-AD39-2328D64E825D}.Debug|Any CPU.ActiveCfg = Debug|Any CPU
		{34B2594D-7171-46D2-AD39-2328D64E825D}.Debug|Any CPU.Build.0 = Debug|Any CPU
		{34B2594D-7171-46D2-AD39-2328D64E825D}.Release|Any CPU.ActiveCfg = Release|Any CPU
		{34B2594D-7171-46D2-AD39-2328D64E825D}.Release|Any CPU.Build.0 = Release|Any CPU
	EndGlobalSection
	GlobalSection(SolutionProperties) = preSolution
		HideSolutionNode = FALSE
	EndGlobalSection
	GlobalSection(ExtensibilityGlobals) = postSolution
		SolutionGuid = {36A5871E-5E6B-45ED-BEF0-1769129424B6}
	EndGlobalSection
EndGlobal
